
Microsoft Visual Studio Solution File, Format Version 12.00
# Visual Studio Version 17
VisualStudioVersion = 17.6.33723.286
MinimumVisualStudioVersion = 10.0.40219.1
Project("{FAE04EC0-301F-11D3-BF4B-00C04F79EFBC}") = "Csharp1_Interfaces", "Csharp1_Interfaces.csproj", "{F00B6F2B-434C-46F7-946D-54D190882686}"
EndProject
Global
	GlobalSection(SolutionConfigurationPlatforms) = preSolution
		Debug|Any CPU = Debug|Any CPU
		Release|Any CPU = Release|Any CPU
	EndGlobalSection
	GlobalSection(ProjectConfigurationPlatforms) = postSolution
		{F00B6F2B-434C-46F7-946D-54D190882686}.Debug|Any CPU.ActiveCfg = Debug|Any CPU
		{F00B6F2B-434C-46F7-946D-54D190882686}.Debug|Any CPU.Build.0 = Debug|Any CPU
		{F00B6F2B-434C-46F7-946D-54D190882686}.Release|Any CPU.ActiveCfg = Release|Any CPU
		{F00B6F2B-434C-46F7-946D-54D190882686}.Release|Any CPU.Build.0 = Release|Any CPU
	EndGlobalSection
	GlobalSection(SolutionProperties) = preSolution
		HideSolutionNode = FALSE
	EndGlobalSection
	GlobalSection(ExtensibilityGlobals) = postSolution
		SolutionGuid = {80B9DE8A-6E27-4BBE-9331-07E54D30E2B7}
	EndGlobalSection
EndGlobal
